{
  "version": 4,
  "terraform_version": "1.5.7",
  "serial": 510,
  "lineage": "54bbfcb9-ffc1-9663-bcd5-763059825293",
  "outputs": {},
  "resources": [
    {
      "mode": "managed",
      "type": "multipass_instance",
      "name": "grafana",
      "provider": "provider[\"registry.terraform.io/larstobi/multipass\"]",
      "instances": [
        {
          "schema_version": 0,
          "attributes": {
            "cloudinit_file": "./user_data.cfg",
            "cpus": 1,
            "disk": "10Gib",
            "image": "jammy",
            "memory": "2Gib",
            "name": "grafana"
          },
          "sensitive_attributes": []
        }
      ]
    }
  ],
  "check_results": null
}
